// !$*UTF8*$!
{
	archiveVersion = 1;
	classes = {
	};
	objectVersion = 46;
	objects = {

/* Begin PBXBuildFile section */
		57E5B35F1C92842A00AAF7C8 /* main.m in Sources */ = {isa = PBXBuildFile; fileRef = 57E5B35E1C92842A00AAF7C8 /* main.m */; };
		57E5B3621C92842A00AAF7C8 /* AppDelegate.m in Sources */ = {isa = PBXBuildFile; fileRef = 57E5B3611C92842A00AAF7C8 /* AppDelegate.m */; };
		57E5B3651C92842A00AAF7C8 /* SSMainViewController.m in Sources */ = {isa = PBXBuildFile; fileRef = 57E5B3641C92842A00AAF7C8 /* SSMainViewController.m */; };
		57E5B3681C92842A00AAF7C8 /* Main.storyboard in Resources */ = {isa = PBXBuildFile; fileRef = 57E5B3661C92842A00AAF7C8 /* Main.storyboard */; };
		57E5B36A1C92842A00AAF7C8 /* Assets.xcassets in Resources */ = {isa = PBXBuildFile; fileRef = 57E5B3691C92842A00AAF7C8 /* Assets.xcassets */; };
		57E5B36D1C92842A00AAF7C8 /* LaunchScreen.storyboard in Resources */ = {isa = PBXBuildFile; fileRef = 57E5B36B1C92842A00AAF7C8 /* LaunchScreen.storyboard */; };
		57E5B3781C92842A00AAF7C8 /* StarServiceTestTests.m in Sources */ = {isa = PBXBuildFile; fileRef = 57E5B3771C92842A00AAF7C8 /* StarServiceTestTests.m */; };
		57E5B3831C92842A00AAF7C8 /* StarServiceTestUITests.m in Sources */ = {isa = PBXBuildFile; fileRef = 57E5B3821C92842A00AAF7C8 /* StarServiceTestUITests.m */; };
		57E5B3961C92843B00AAF7C8 /* SSPageCell.m in Sources */ = {isa = PBXBuildFile; fileRef = 57E5B3911C92843B00AAF7C8 /* SSPageCell.m */; };
		57E5B3971C92843B00AAF7C8 /* SSPageScrollView.m in Sources */ = {isa = PBXBuildFile; fileRef = 57E5B3931C92843B00AAF7C8 /* SSPageScrollView.m */; };
		57E5B3981C92843B00AAF7C8 /* SSPageView.m in Sources */ = {isa = PBXBuildFile; fileRef = 57E5B3951C92843B00AAF7C8 /* SSPageView.m */; };
		57E5B39C1C92992A00AAF7C8 /* SSiTunesSearch.m in Sources */ = {isa = PBXBuildFile; fileRef = 57E5B39B1C92992A00AAF7C8 /* SSiTunesSearch.m */; };
		57E5B39F1C92B50D00AAF7C8 /* AsyncImageView.m in Sources */ = {isa = PBXBuildFile; fileRef = 57E5B39E1C92B50D00AAF7C8 /* AsyncImageView.m */; };
		57E5B3A11C92C87000AAF7C8 /* Placeholder.jpg in Resources */ = {isa = PBXBuildFile; fileRef = 57E5B3A01C92C87000AAF7C8 /* Placeholder.jpg */; };
		57E5B3A41C92DA6000AAF7C8 /* SSDetailViewController.m in Sources */ = {isa = PBXBuildFile; fileRef = 57E5B3A31C92DA6000AAF7C8 /* SSDetailViewController.m */; };
/* End PBXBuildFile section */

/* Begin PBXContainerItemProxy section */
		57E5B3741C92842A00AAF7C8 /* PBXContainerItemProxy */ = {
			isa = PBXContainerItemProxy;
			containerPortal = 57E5B3521C92842A00AAF7C8 /* Project object */;
			proxyType = 1;
			remoteGlobalIDString = 57E5B3591C92842A00AAF7C8;
			remoteInfo = StarServiceTest;
		};
		57E5B37F1C92842A00AAF7C8 /* PBXContainerItemProxy */ = {
			isa = PBXContainerItemProxy;
			containerPortal = 57E5B3521C92842A00AAF7C8 /* Project object */;
			proxyType = 1;
			remoteGlobalIDString = 57E5B3591C92842A00AAF7C8;
			remoteInfo = StarServiceTest;
		};
/* End PBXContainerItemProxy section */

/* Begin PBXFileReference section */
		57E5B35A1C92842A00AAF7C8 /* StarServiceTest.app */ = {isa = PBXFileReference; explicitFileType = wrapper.application; includeInIndex = 0; path = StarServiceTest.app; sourceTree = BUILT_PRODUCTS_DIR; };
		57E5B35E1C92842A00AAF7C8 /* main.m */ = {isa = PBXFileReference; lastKnownFileType = sourcecode.c.objc; path = main.m; sourceTree = "<group>"; };
		57E5B3601C92842A00AAF7C8 /* AppDelegate.h */ = {isa = PBXFileReference; lastKnownFileType = sourcecode.c.h; path = AppDelegate.h; sourceTree = "<group>"; };
		57E5B3611C92842A00AAF7C8 /* AppDelegate.m */ = {isa = PBXFileReference; lastKnownFileType = sourcecode.c.objc; path = AppDelegate.m; sourceTree = "<group>"; };
		57E5B3631C92842A00AAF7C8 /* SSMainViewController.h */ = {isa = PBXFileReference; lastKnownFileType = sourcecode.c.h; path = SSMainViewController.h; sourceTree = "<group>"; };
		57E5B3641C92842A00AAF7C8 /* SSMainViewController.m */ = {isa = PBXFileReference; lastKnownFileType = sourcecode.c.objc; path = SSMainViewController.m; sourceTree = "<group>"; };
		57E5B3671C92842A00AAF7C8 /* Base */ = {isa = PBXFileReference; lastKnownFileType = file.storyboard; name = Base; path = Base.lproj/Main.storyboard; sourceTree = "<group>"; };
		57E5B3691C92842A00AAF7C8 /* Assets.xcassets */ = {isa = PBXFileReference; lastKnownFileType = folder.assetcatalog; path = Assets.xcassets; sourceTree = "<group>"; };
		57E5B36C1C92842A00AAF7C8 /* Base */ = {isa = PBXFileReference; lastKnownFileType = file.storyboard; name = Base; path = Base.lproj/LaunchScreen.storyboard; sourceTree = "<group>"; };
		57E5B36E1C92842A00AAF7C8 /* Info.plist */ = {isa = PBXFileReference; lastKnownFileType = text.plist.xml; path = Info.plist; sourceTree = "<group>"; };
		57E5B3731C92842A00AAF7C8 /* StarServiceTestTests.xctest */ = {isa = PBXFileReference; explicitFileType = wrapper.cfbundle; includeInIndex = 0; path = StarServiceTestTests.xctest; sourceTree = BUILT_PRODUCTS_DIR; };
		57E5B3771C92842A00AAF7C8 /* StarServiceTestTests.m */ = {isa = PBXFileReference; lastKnownFileType = sourcecode.c.objc; path = StarServiceTestTests.m; sourceTree = "<group>"; };
		57E5B3791C92842A00AAF7C8 /* Info.plist */ = {isa = PBXFileReference; lastKnownFileType = text.plist.xml; path = Info.plist; sourceTree = "<group>"; };
		57E5B37E1C92842A00AAF7C8 /* StarServiceTestUITests.xctest */ = {isa = PBXFileReference; explicitFileType = wrapper.cfbundle; includeInIndex = 0; path = StarServiceTestUITests.xctest; sourceTree = BUILT_PRODUCTS_DIR; };
		57E5B3821C92842A00AAF7C8 /* StarServiceTestUITests.m */ = {isa = PBXFileReference; lastKnownFileType = sourcecode.c.objc; path = StarServiceTestUITests.m; sourceTree = "<group>"; };
		57E5B3841C92842A00AAF7C8 /* Info.plist */ = {isa = PBXFileReference; lastKnownFileType = text.plist.xml; path = Info.plist; sourceTree = "<group>"; };
		57E5B3901C92843B00AAF7C8 /* SSPageCell.h */ = {isa = PBXFileReference; fileEncoding = 4; lastKnownFileType = sourcecode.c.h; path = SSPageCell.h; sourceTree = "<group>"; };
		57E5B3911C92843B00AAF7C8 /* SSPageCell.m */ = {isa = PBXFileReference; fileEncoding = 4; lastKnownFileType = sourcecode.c.objc; path = SSPageCell.m; sourceTree = "<group>"; };
		57E5B3921C92843B00AAF7C8 /* SSPageScrollView.h */ = {isa = PBXFileReference; fileEncoding = 4; lastKnownFileType = sourcecode.c.h; path = SSPageScrollView.h; sourceTree = "<group>"; };
		57E5B3931C92843B00AAF7C8 /* SSPageScrollView.m */ = {isa = PBXFileReference; fileEncoding = 4; lastKnownFileType = sourcecode.c.objc; path = SSPageScrollView.m; sourceTree = "<group>"; };
		57E5B3941C92843B00AAF7C8 /* SSPageView.h */ = {isa = PBXFileReference; fileEncoding = 4; lastKnownFileType = sourcecode.c.h; path = SSPageView.h; sourceTree = "<group>"; };
		57E5B3951C92843B00AAF7C8 /* SSPageView.m */ = {isa = PBXFileReference; fileEncoding = 4; lastKnownFileType = sourcecode.c.objc; path = SSPageView.m; sourceTree = "<group>"; };
		57E5B39A1C92992A00AAF7C8 /* SSiTunesSearch.h */ = {isa = PBXFileReference; fileEncoding = 4; lastKnownFileType = sourcecode.c.h; path = SSiTunesSearch.h; sourceTree = "<group>"; };
		57E5B39B1C92992A00AAF7C8 /* SSiTunesSearch.m */ = {isa = PBXFileReference; fileEncoding = 4; lastKnownFileType = sourcecode.c.objc; path = SSiTunesSearch.m; sourceTree = "<group>"; };
		57E5B39D1C92B50D00AAF7C8 /* AsyncImageView.h */ = {isa = PBXFileReference; fileEncoding = 4; lastKnownFileType = sourcecode.c.h; path = AsyncImageView.h; sourceTree = "<group>"; };
		57E5B39E1C92B50D00AAF7C8 /* AsyncImageView.m */ = {isa = PBXFileReference; fileEncoding = 4; lastKnownFileType = sourcecode.c.objc; path = AsyncImageView.m; sourceTree = "<group>"; };
		57E5B3A01C92C87000AAF7C8 /* Placeholder.jpg */ = {isa = PBXFileReference; lastKnownFileType = image.jpeg; path = Placeholder.jpg; sourceTree = "<group>"; };
		57E5B3A21C92DA6000AAF7C8 /* SSDetailViewController.h */ = {isa = PBXFileReference; fileEncoding = 4; lastKnownFileType = sourcecode.c.h; path = SSDetailViewController.h; sourceTree = "<group>"; };
		57E5B3A31C92DA6000AAF7C8 /* SSDetailViewController.m */ = {isa = PBXFileReference; fileEncoding = 4; lastKnownFileType = sourcecode.c.objc; path = SSDetailViewController.m; sourceTree = "<group>"; };
/* End PBXFileReference section */

/* Begin PBXFrameworksBuildPhase section */
		57E5B3571C92842A00AAF7C8 /* Frameworks */ = {
			isa = PBXFrameworksBuildPhase;
			buildActionMask = 2147483647;
			files = (
			);
			runOnlyForDeploymentPostprocessing = 0;
		};
		57E5B3701C92842A00AAF7C8 /* Frameworks */ = {
			isa = PBXFrameworksBuildPhase;
			buildActionMask = 2147483647;
			files = (
			);
			runOnlyForDeploymentPostprocessing = 0;
		};
		57E5B37B1C92842A00AAF7C8 /* Frameworks */ = {
			isa = PBXFrameworksBuildPhase;
			buildActionMask = 2147483647;
			files = (
			);
			runOnlyForDeploymentPostprocessing = 0;
		};
/* End PBXFrameworksBuildPhase section */

/* Begin PBXGroup section */
		57E5B3511C92842A00AAF7C8 = {
			isa = PBXGroup;
			children = (
				57E5B35C1C92842A00AAF7C8 /* StarServiceTest */,
				57E5B3761C92842A00AAF7C8 /* StarServiceTestTests */,
				57E5B3811C92842A00AAF7C8 /* StarServiceTestUITests */,
				57E5B35B1C92842A00AAF7C8 /* Products */,
			);
			sourceTree = "<group>";
		};
		57E5B35B1C92842A00AAF7C8 /* Products */ = {
			isa = PBXGroup;
			children = (
				57E5B35A1C92842A00AAF7C8 /* StarServiceTest.app */,
				57E5B3731C92842A00AAF7C8 /* StarServiceTestTests.xctest */,
				57E5B37E1C92842A00AAF7C8 /* StarServiceTestUITests.xctest */,
			);
			name = Products;
			sourceTree = "<group>";
		};
		57E5B35C1C92842A00AAF7C8 /* StarServiceTest */ = {
			isa = PBXGroup;
			children = (
				57E5B3991C92844600AAF7C8 /* Class */,
				57E5B3A81C92F15600AAF7C8 /* Other Sources */,
				57E5B35D1C92842A00AAF7C8 /* Supporting Files */,
			);
			path = StarServiceTest;
			sourceTree = "<group>";
		};
		57E5B35D1C92842A00AAF7C8 /* Supporting Files */ = {
			isa = PBXGroup;
			children = (
				57E5B3691C92842A00AAF7C8 /* Assets.xcassets */,
				57E5B3661C92842A00AAF7C8 /* Main.storyboard */,
				57E5B36B1C92842A00AAF7C8 /* LaunchScreen.storyboard */,
				57E5B36E1C92842A00AAF7C8 /* Info.plist */,
				57E5B3A01C92C87000AAF7C8 /* Placeholder.jpg */,
				57E5B35E1C92842A00AAF7C8 /* main.m */,
			);
			name = "Supporting Files";
			sourceTree = "<group>";
		};
		57E5B3761C92842A00AAF7C8 /* StarServiceTestTests */ = {
			isa = PBXGroup;
			children = (
				57E5B3771C92842A00AAF7C8 /* StarServiceTestTests.m */,
				57E5B3791C92842A00AAF7C8 /* Info.plist */,
			);
			path = StarServiceTestTests;
			sourceTree = "<group>";
		};
		57E5B3811C92842A00AAF7C8 /* StarServiceTestUITests */ = {
			isa = PBXGroup;
			children = (
				57E5B3821C92842A00AAF7C8 /* StarServiceTestUITests.m */,
				57E5B3841C92842A00AAF7C8 /* Info.plist */,
			);
			path = StarServiceTestUITests;
			sourceTree = "<group>";
		};
		57E5B3991C92844600AAF7C8 /* Class */ = {
			isa = PBXGroup;
			children = (
				57E5B39D1C92B50D00AAF7C8 /* AsyncImageView.h */,
				57E5B39E1C92B50D00AAF7C8 /* AsyncImageView.m */,
				57E5B3901C92843B00AAF7C8 /* SSPageCell.h */,
				57E5B3911C92843B00AAF7C8 /* SSPageCell.m */,
				57E5B3921C92843B00AAF7C8 /* SSPageScrollView.h */,
				57E5B3931C92843B00AAF7C8 /* SSPageScrollView.m */,
				57E5B3941C92843B00AAF7C8 /* SSPageView.h */,
				57E5B3951C92843B00AAF7C8 /* SSPageView.m */,
				57E5B39A1C92992A00AAF7C8 /* SSiTunesSearch.h */,
				57E5B39B1C92992A00AAF7C8 /* SSiTunesSearch.m */,
				57E5B3631C92842A00AAF7C8 /* SSMainViewController.h */,
				57E5B3641C92842A00AAF7C8 /* SSMainViewController.m */,
				57E5B3A21C92DA6000AAF7C8 /* SSDetailViewController.h */,
				57E5B3A31C92DA6000AAF7C8 /* SSDetailViewController.m */,
			);
			name = Class;
			sourceTree = "<group>";
		};
		57E5B3A81C92F15600AAF7C8 /* Other Sources */ = {
			isa = PBXGroup;
			children = (
				57E5B3601C92842A00AAF7C8 /* AppDelegate.h */,
				57E5B3611C92842A00AAF7C8 /* AppDelegate.m */,
			);
			name = "Other Sources";
			sourceTree = "<group>";
		};
/* End PBXGroup section */

/* Begin PBXNativeTarget section */
		57E5B3591C92842A00AAF7C8 /* StarServiceTest */ = {
			isa = PBXNativeTarget;
			buildConfigurationList = 57E5B3871C92842A00AAF7C8 /* Build configuration list for PBXNativeTarget "StarServiceTest" */;
			buildPhases = (
				57E5B3561C92842A00AAF7C8 /* Sources */,
				57E5B3571C92842A00AAF7C8 /* Frameworks */,
				57E5B3581C92842A00AAF7C8 /* Resources */,
			);
			buildRules = (
			);
			dependencies = (
			);
			name = StarServiceTest;
			productName = StarServiceTest;
			productReference = 57E5B35A1C92842A00AAF7C8 /* StarServiceTest.app */;
			productType = "com.apple.product-type.application";
		};
		57E5B3721C92842A00AAF7C8 /* StarServiceTestTests */ = {
			isa = PBXNativeTarget;
			buildConfigurationList = 57E5B38A1C92842A00AAF7C8 /* Build configuration list for PBXNativeTarget "StarServiceTestTests" */;
			buildPhases = (
				57E5B36F1C92842A00AAF7C8 /* Sources */,
				57E5B3701C92842A00AAF7C8 /* Frameworks */,
				57E5B3711C92842A00AAF7C8 /* Resources */,
			);
			buildRules = (
			);
			dependencies = (
				57E5B3751C92842A00AAF7C8 /* PBXTargetDependency */,
			);
			name = StarServiceTestTests;
			productName = StarServiceTestTests;
			productReference = 57E5B3731C92842A00AAF7C8 /* StarServiceTestTests.xctest */;
			productType = "com.apple.product-type.bundle.unit-test";
		};
		57E5B37D1C92842A00AAF7C8 /* StarServiceTestUITests */ = {
			isa = PBXNativeTarget;
			buildConfigurationList = 57E5B38D1C92842A00AAF7C8 /* Build configuration list for PBXNativeTarget "StarServiceTestUITests" */;
			buildPhases = (
				57E5B37A1C92842A00AAF7C8 /* Sources */,
				57E5B37B1C92842A00AAF7C8 /* Frameworks */,
				57E5B37C1C92842A00AAF7C8 /* Resources */,
			);
			buildRules = (
			);
			dependencies = (
				57E5B3801C92842A00AAF7C8 /* PBXTargetDependency */,
			);
			name = StarServiceTestUITests;
			productName = StarServiceTestUITests;
			productReference = 57E5B37E1C92842A00AAF7C8 /* StarServiceTestUITests.xctest */;
			productType = "com.apple.product-type.bundle.ui-testing";
		};
/* End PBXNativeTarget section */

/* Begin PBXProject section */
		57E5B3521C92842A00AAF7C8 /* Project object */ = {
			isa = PBXProject;
			attributes = {
				LastUpgradeCheck = 0710;
				ORGANIZATIONNAME = "Daniel Wilson";
				TargetAttributes = {
					57E5B3591C92842A00AAF7C8 = {
						CreatedOnToolsVersion = 7.1;
					};
					57E5B3721C92842A00AAF7C8 = {
						CreatedOnToolsVersion = 7.1;
						TestTargetID = 57E5B3591C92842A00AAF7C8;
					};
					57E5B37D1C92842A00AAF7C8 = {
						CreatedOnToolsVersion = 7.1;
						TestTargetID = 57E5B3591C92842A00AAF7C8;
					};
				};
			};
			buildConfigurationList = 57E5B3551C92842A00AAF7C8 /* Build configuration list for PBXProject "StarServiceTest" */;
			compatibilityVersion = "Xcode 3.2";
			developmentRegion = English;
			hasScannedForEncodings = 0;
			knownRegions = (
				en,
				Base,
			);
			mainGroup = 57E5B3511C92842A00AAF7C8;
			productRefGroup = 57E5B35B1C92842A00AAF7C8 /* Products */;
			projectDirPath = "";
			projectRoot = "";
			targets = (
				57E5B3591C92842A00AAF7C8 /* StarServiceTest */,
				57E5B3721C92842A00AAF7C8 /* StarServiceTestTests */,
				57E5B37D1C92842A00AAF7C8 /* StarServiceTestUITests */,
			);
		};
/* End PBXProject section */

/* Begin PBXResourcesBuildPhase section */
		57E5B3581C92842A00AAF7C8 /* Resources */ = {
			isa = PBXResourcesBuildPhase;
			buildActionMask = 2147483647;
			files = (
				57E5B36D1C92842A00AAF7C8 /* LaunchScreen.storyboard in Resources */,
				57E5B3A11C92C87000AAF7C8 /* Placeholder.jpg in Resources */,
				57E5B36A1C92842A00AAF7C8 /* Assets.xcassets in Resources */,
				57E5B3681C92842A00AAF7C8 /* Main.storyboard in Resources */,
			);
			runOnlyForDeploymentPostprocessing = 0;
		};
		57E5B3711C92842A00AAF7C8 /* Resources */ = {
			isa = PBXResourcesBuildPhase;
			buildActionMask = 2147483647;
			files = (
			);
			runOnlyForDeploymentPostprocessing = 0;
		};
		57E5B37C1C92842A00AAF7C8 /* Resources */ = {
			isa = PBXResourcesBuildPhase;
			buildActionMask = 2147483647;
			files = (
			);
			runOnlyForDeploymentPostprocessing = 0;
		};
/* End PBXResourcesBuildPhase section */

/* Begin PBXSourcesBuildPhase section */
		57E5B3561C92842A00AAF7C8 /* Sources */ = {
			isa = PBXSourcesBuildPhase;
			buildActionMask = 2147483647;
			files = (
				57E5B3651C92842A00AAF7C8 /* SSMainViewController.m in Sources */,
				57E5B3621C92842A00AAF7C8 /* AppDelegate.m in Sources */,
				57E5B3961C92843B00AAF7C8 /* SSPageCell.m in Sources */,
				57E5B3981C92843B00AAF7C8 /* SSPageView.m in Sources */,
				57E5B39C1C92992A00AAF7C8 /* SSiTunesSearch.m in Sources */,
				57E5B35F1C92842A00AAF7C8 /* main.m in Sources */,
				57E5B3A41C92DA6000AAF7C8 /* SSDetailViewController.m in Sources */,
				57E5B3971C92843B00AAF7C8 /* SSPageScrollView.m in Sources */,
				57E5B39F1C92B50D00AAF7C8 /* AsyncImageView.m in Sources */,
			);
			runOnlyForDeploymentPostprocessing = 0;
		};
		57E5B36F1C92842A00AAF7C8 /* Sources */ = {
			isa = PBXSourcesBuildPhase;
			buildActionMask = 2147483647;
			files = (
				57E5B3781C92842A00AAF7C8 /* StarServiceTestTests.m in Sources */,
			);
			runOnlyForDeploymentPostprocessing = 0;
		};
		57E5B37A1C92842A00AAF7C8 /* Sources */ = {
			isa = PBXSourcesBuildPhase;
			buildActionMask = 2147483647;
			files = (
				57E5B3831C92842A00AAF7C8 /* StarServiceTestUITests.m in Sources */,
			);
			runOnlyForDeploymentPostprocessing = 0;
		};
/* End PBXSourcesBuildPhase section */

/* Begin PBXTargetDependency section */
		57E5B3751C92842A00AAF7C8 /* PBXTargetDependency */ = {
			isa = PBXTargetDependency;
			target = 57E5B3591C92842A00AAF7C8 /* StarServiceTest */;
			targetProxy = 57E5B3741C92842A00AAF7C8 /* PBXContainerItemProxy */;
		};
		57E5B3801C92842A00AAF7C8 /* PBXTargetDependency */ = {
			isa = PBXTargetDependency;
			target = 57E5B3591C92842A00AAF7C8 /* StarServiceTest */;
			targetProxy = 57E5B37F1C92842A00AAF7C8 /* PBXContainerItemProxy */;
		};
/* End PBXTargetDependency section */

/* Begin PBXVariantGroup section */
		57E5B3661C92842A00AAF7C8 /* Main.storyboard */ = {
			isa = PBXVariantGroup;
			children = (
				57E5B3671C92842A00AAF7C8 /* Base */,
			);
			name = Main.storyboard;
			sourceTree = "<group>";
		};
		57E5B36B1C92842A00AAF7C8 /* LaunchScreen.storyboard */ = {
			isa = PBXVariantGroup;
			children = (
				57E5B36C1C92842A00AAF7C8 /* Base */,
			);
			name = LaunchScreen.storyboard;
			sourceTree = "<group>";
		};
/* End PBXVariantGroup section */

/* Begin XCBuildConfiguration section */
		57E5B3851C92842A00AAF7C8 /* Debug */ = {
			isa = XCBuildConfiguration;
			buildSettings = {
				ALWAYS_SEARCH_USER_PATHS = NO;
				CLANG_CXX_LANGUAGE_STANDARD = "gnu++0x";
				CLANG_CXX_LIBRARY = "libc++";
				CLANG_ENABLE_MODULES = YES;
				CLANG_ENABLE_OBJC_ARC = YES;
				CLANG_WARN_BOOL_CONVERSION = YES;
				CLANG_WARN_CONSTANT_CONVERSION = YES;
				CLANG_WARN_DIRECT_OBJC_ISA_USAGE = YES_ERROR;
				CLANG_WARN_EMPTY_BODY = YES;
				CLANG_WARN_ENUM_CONVERSION = YES;
				CLANG_WARN_INT_CONVERSION = YES;
				CLANG_WARN_OBJC_ROOT_CLASS = YES_ERROR;
				CLANG_WARN_UNREACHABLE_CODE = YES;
				CLANG_WARN__DUPLICATE_METHOD_MATCH = YES;
				"CODE_SIGN_IDENTITY[sdk=iphoneos*]" = "iPhone Developer";
				COPY_PHASE_STRIP = NO;
				DEBUG_INFORMATION_FORMAT = dwarf;
				ENABLE_STRICT_OBJC_MSGSEND = YES;
				ENABLE_TESTABILITY = YES;
				GCC_C_LANGUAGE_STANDARD = gnu99;
				GCC_DYNAMIC_NO_PIC = NO;
				GCC_NO_COMMON_BLOCKS = YES;
				GCC_OPTIMIZATION_LEVEL = 0;
				GCC_PREPROCESSOR_DEFINITIONS = (
					"DEBUG=1",
					"$(inherited)",
				);
				GCC_WARN_64_TO_32_BIT_CONVERSION = YES;
				GCC_WARN_ABOUT_RETURN_TYPE = YES_ERROR;
				GCC_WARN_UNDECLARED_SELECTOR = YES;
				GCC_WARN_UNINITIALIZED_AUTOS = YES_AGGRESSIVE;
				GCC_WARN_UNUSED_FUNCTION = YES;
				GCC_WARN_UNUSED_VARIABLE = YES;
				IPHONEOS_DEPLOYMENT_TARGET = 9.1;
				MTL_ENABLE_DEBUG_INFO = YES;
				ONLY_ACTIVE_ARCH = YES;
				SDKROOT = iphoneos;
			};
			name = Debug;
		};
		57E5B3861C92842A00AAF7C8 /* Release */ = {
			isa = XCBuildConfiguration;
			buildSettings = {
				ALWAYS_SEARCH_USER_PATHS = NO;
				CLANG_CXX_LANGUAGE_STANDARD = "gnu++0x";
				CLANG_CXX_LIBRARY = "libc++";
				CLANG_ENABLE_MODULES = YES;
				CLANG_ENABLE_OBJC_ARC = YES;
				CLANG_WARN_BOOL_CONVERSION = YES;
				CLANG_WARN_CONSTANT_CONVERSION = YES;
				CLANG_WARN_DIRECT_OBJC_ISA_USAGE = YES_ERROR;
				CLANG_WARN_EMPTY_BODY = YES;
				CLANG_WARN_ENUM_CONVERSION = YES;
				CLANG_WARN_INT_CONVERSION = YES;
				CLANG_WARN_OBJC_ROOT_CLASS = YES_ERROR;
				CLANG_WARN_UNREACHABLE_CODE = YES;
				CLANG_WARN__DUPLICATE_METHOD_MATCH = YES;
				"CODE_SIGN_IDENTITY[sdk=iphoneos*]" = "iPhone Developer";
				COPY_PHASE_STRIP = NO;
				DEBUG_INFORMATION_FORMAT = "dwarf-with-dsym";
				ENABLE_NS_ASSERTIONS = NO;
				ENABLE_STRICT_OBJC_MSGSEND = YES;
				GCC_C_LANGUAGE_STANDARD = gnu99;
				GCC_NO_COMMON_BLOCKS = YES;
				GCC_WARN_64_TO_32_BIT_CONVERSION = YES;
				GCC_WARN_ABOUT_RETURN_TYPE = YES_ERROR;
				GCC_WARN_UNDECLARED_SELECTOR = YES;
				GCC_WARN_UNINITIALIZED_AUTOS = YES_AGGRESSIVE;
				GCC_WARN_UNUSED_FUNCTION = YES;
				GCC_WARN_UNUSED_VARIABLE = YES;
				IPHONEOS_DEPLOYMENT_TARGET = 9.1;
				MTL_ENABLE_DEBUG_INFO = NO;
				SDKROOT = iphoneos;
				VALIDATE_PRODUCT = YES;
			};
			name = Release;
		};
		57E5B3881C92842A00AAF7C8 /* Debug */ = {
			isa = XCBuildConfiguration;
			buildSettings = {
				ASSETCATALOG_COMPILER_APPICON_NAME = AppIcon;
				INFOPLIST_FILE = StarServiceTest/Info.plist;
				LD_RUNPATH_SEARCH_PATHS = "$(inherited) @executable_path/Frameworks";
				PRODUCT_BUNDLE_IDENTIFIER = com.starofservice.StarServiceTest;
				PRODUCT_NAME = "$(TARGET_NAME)";
			};
			name = Debug;
		};
		57E5B3891C92842A00AAF7C8 /* Release */ = {
			isa = XCBuildConfiguration;
			buildSettings = {
				ASSETCATALOG_COMPILER_APPICON_NAME = AppIcon;
				INFOPLIST_FILE = StarServiceTest/Info.plist;
				LD_RUNPATH_SEARCH_PATHS = "$(inherited) @executable_path/Frameworks";
				PRODUCT_BUNDLE_IDENTIFIER = com.starofservice.StarServiceTest;
				PRODUCT_NAME = "$(TARGET_NAME)";
			};
			name = Release;
		};
		57E5B38B1C92842A00AAF7C8 /* Debug */ = {
			isa = XCBuildConfiguration;
			buildSettings = {
				BUNDLE_LOADER = "$(TEST_HOST)";
				INFOPLIST_FILE = StarServiceTestTests/Info.plist;
				LD_RUNPATH_SEARCH_PATHS = "$(inherited) @executable_path/Frameworks @loader_path/Frameworks";
				PRODUCT_BUNDLE_IDENTIFIER = com.starofservice.StarServiceTestTests;
				PRODUCT_NAME = "$(TARGET_NAME)";
				TEST_HOST = "$(BUILT_PRODUCTS_DIR)/StarServiceTest.app/StarServiceTest";
			};
			name = Debug;
		};
		57E5B38C1C92842A00AAF7C8 /* Release */ = {
			isa = XCBuildConfiguration;
			buildSettings = {
				BUNDLE_LOADER = "$(TEST_HOST)";
				INFOPLIST_FILE = StarServiceTestTests/Info.plist;
				LD_RUNPATH_SEARCH_PATHS = "$(inherited) @executable_path/Frameworks @loader_path/Frameworks";
				PRODUCT_BUNDLE_IDENTIFIER = com.starofservice.StarServiceTestTests;
				PRODUCT_NAME = "$(TARGET_NAME)";
				TEST_HOST = "$(BUILT_PRODUCTS_DIR)/StarServiceTest.app/StarServiceTest";
			};
			name = Release;
		};
		57E5B38E1C92842A00AAF7C8 /* Debug */ = {
			isa = XCBuildConfiguration;
			buildSettings = {
				INFOPLIST_FILE = StarServiceTestUITests/Info.plist;
				LD_RUNPATH_SEARCH_PATHS = "$(inherited) @executable_path/Frameworks @loader_path/Frameworks";
				PRODUCT_BUNDLE_IDENTIFIER = com.starofservice.StarServiceTestUITests;
				PRODUCT_NAME = "$(TARGET_NAME)";
				TEST_TARGET_NAME = StarServiceTest;
				USES_XCTRUNNER = YES;
			};
			name = Debug;
		};
		57E5B38F1C92842A00AAF7C8 /* Release */ = {
			isa = XCBuildConfiguration;
			buildSettings = {
				INFOPLIST_FILE = StarServiceTestUITests/Info.plist;
				LD_RUNPATH_SEARCH_PATHS = "$(inherited) @executable_path/Frameworks @loader_path/Frameworks";
				PRODUCT_BUNDLE_IDENTIFIER = com.starofservice.StarServiceTestUITests;
				PRODUCT_NAME = "$(TARGET_NAME)";
				TEST_TARGET_NAME = StarServiceTest;
				USES_XCTRUNNER = YES;
			};
			name = Release;
		};
/* End XCBuildConfiguration section */

/* Begin XCConfigurationList section */
		57E5B3551C92842A00AAF7C8 /* Build configuration list for PBXProject "StarServiceTest" */ = {
			isa = XCConfigurationList;
			buildConfigurations = (
				57E5B3851C92842A00AAF7C8 /* Debug */,
				57E5B3861C92842A00AAF7C8 /* Release */,
			);
			defaultConfigurationIsVisible = 0;
			defaultConfigurationName = Release;
		};
		57E5B3871C92842A00AAF7C8 /* Build configuration list for PBXNativeTarget "StarServiceTest" */ = {
			isa = XCConfigurationList;
			buildConfigurations = (
				57E5B3881C92842A00AAF7C8 /* Debug */,
				57E5B3891C92842A00AAF7C8 /* Release */,
			);
			defaultConfigurationIsVisible = 0;
		};
		57E5B38A1C92842A00AAF7C8 /* Build configuration list for PBXNativeTarget "StarServiceTestTests" */ = {
			isa = XCConfigurationList;
			buildConfigurations = (
				57E5B38B1C92842A00AAF7C8 /* Debug */,
				57E5B38C1C92842A00AAF7C8 /* Release */,
			);
			defaultConfigurationIsVisible = 0;
		};
		57E5B38D1C92842A00AAF7C8 /* Build configuration list for PBXNativeTarget "StarServiceTestUITests" */ = {
			isa = XCConfigurationList;
			buildConfigurations = (
				57E5B38E1C92842A00AAF7C8 /* Debug */,
				57E5B38F1C92842A00AAF7C8 /* Release */,
			);
			defaultConfigurationIsVisible = 0;
		};
/* End XCConfigurationList section */
	};
	rootObject = 57E5B3521C92842A00AAF7C8 /* Project object */;
}
